
Microsoft Visual Studio Solution File, Format Version 12.00
# Visual Studio Version 16
VisualStudioVersion = 16.0.30204.135
MinimumVisualStudioVersion = 10.0.40219.1
Project("{2150E333-8FDC-42A3-9474-1A3956D46DE8}") = "Tests", "Tests", "{52A48F78-4FCA-4E36-B522-A389BE31B00D}"
EndProject
Project("{9A19103F-16F7-4668-BE54-9A1E7A4F7556}") = "CBON", "CBON\CBON.csproj", "{EC18118E-83E9-4448-8C06-6AFEE1DBF475}"
EndProject
Project("{9A19103F-16F7-4668-BE54-9A1E7A4F7556}") = "TestSlice", "TestSlice\TestSlice.csproj", "{364FDC24-EDFA-4004-9020-5F6FBE269920}"
EndProject
Project("{9A19103F-16F7-4668-BE54-9A1E7A4F7556}") = "TestAst", "TestAst\TestAst.csproj", "{55D25082-673D-408F-8C98-385748661FA5}"
EndProject
Project("{FAE04EC0-301F-11D3-BF4B-00C04F79EFBC}") = "TestParser", "TestParser\TestParser.csproj", "{C79DF5FE-AB09-4A6C-AA36-944131BBC633}"
EndProject
Global
	GlobalSection(SolutionConfigurationPlatforms) = preSolution
		Debug|Any CPU = Debug|Any CPU
		Release|Any CPU = Release|Any CPU
	EndGlobalSection
	GlobalSection(ProjectConfigurationPlatforms) = postSolution
		{EC18118E-83E9-4448-8C06-6AFEE1DBF475}.Debug|Any CPU.ActiveCfg = Debug|Any CPU
		{EC18118E-83E9-4448-8C06-6AFEE1DBF475}.Debug|Any CPU.Build.0 = Debug|Any CPU
		{EC18118E-83E9-4448-8C06-6AFEE1DBF475}.Release|Any CPU.ActiveCfg = Release|Any CPU
		{EC18118E-83E9-4448-8C06-6AFEE1DBF475}.Release|Any CPU.Build.0 = Release|Any CPU
		{364FDC24-EDFA-4004-9020-5F6FBE269920}.Debug|Any CPU.ActiveCfg = Debug|Any CPU
		{364FDC24-EDFA-4004-9020-5F6FBE269920}.Debug|Any CPU.Build.0 = Debug|Any CPU
		{364FDC24-EDFA-4004-9020-5F6FBE269920}.Release|Any CPU.ActiveCfg = Release|Any CPU
		{364FDC24-EDFA-4004-9020-5F6FBE269920}.Release|Any CPU.Build.0 = Release|Any CPU
		{55D25082-673D-408F-8C98-385748661FA5}.Debug|Any CPU.ActiveCfg = Debug|Any CPU
		{55D25082-673D-408F-8C98-385748661FA5}.Debug|Any CPU.Build.0 = Debug|Any CPU
		{55D25082-673D-408F-8C98-385748661FA5}.Release|Any CPU.ActiveCfg = Release|Any CPU
		{55D25082-673D-408F-8C98-385748661FA5}.Release|Any CPU.Build.0 = Release|Any CPU
		{C79DF5FE-AB09-4A6C-AA36-944131BBC633}.Debug|Any CPU.ActiveCfg = Debug|Any CPU
		{C79DF5FE-AB09-4A6C-AA36-944131BBC633}.Debug|Any CPU.Build.0 = Debug|Any CPU
		{C79DF5FE-AB09-4A6C-AA36-944131BBC633}.Release|Any CPU.ActiveCfg = Release|Any CPU
		{C79DF5FE-AB09-4A6C-AA36-944131BBC633}.Release|Any CPU.Build.0 = Release|Any CPU
	EndGlobalSection
	GlobalSection(SolutionProperties) = preSolution
		HideSolutionNode = FALSE
	EndGlobalSection
	GlobalSection(NestedProjects) = preSolution
		{364FDC24-EDFA-4004-9020-5F6FBE269920} = {52A48F78-4FCA-4E36-B522-A389BE31B00D}
		{55D25082-673D-408F-8C98-385748661FA5} = {52A48F78-4FCA-4E36-B522-A389BE31B00D}
		{C79DF5FE-AB09-4A6C-AA36-944131BBC633} = {52A48F78-4FCA-4E36-B522-A389BE31B00D}
	EndGlobalSection
	GlobalSection(ExtensibilityGlobals) = postSolution
		SolutionGuid = {91135298-7F98-441A-A87A-36712F16071A}
	EndGlobalSection
EndGlobal
